// !$*UTF8*$!
{
	archiveVersion = 1;
	classes = {
	};
	objectVersion = 74;
	objects = {

/* Begin PBXBuildFile section */
		406AEA7F2C792DB2002E9CEC /* GFButton.swift in Sources */ = {isa = PBXBuildFile; fileRef = 406AEA7E2C792DB2002E9CEC /* GFButton.swift */; };
		406AEA812C79899D002E9CEC /* GFTextField.swift in Sources */ = {isa = PBXBuildFile; fileRef = 406AEA802C79899D002E9CEC /* GFTextField.swift */; };
		406AEA852C79B0FF002E9CEC /* GFTitleLabel.swift in Sources */ = {isa = PBXBuildFile; fileRef = 406AEA842C79B0FF002E9CEC /* GFTitleLabel.swift */; };
		406AEA872C79B35C002E9CEC /* GFBodyLabel.swift in Sources */ = {isa = PBXBuildFile; fileRef = 406AEA862C79B35C002E9CEC /* GFBodyLabel.swift */; };
		406AEA892C79B459002E9CEC /* GFAlertViewController.swift in Sources */ = {isa = PBXBuildFile; fileRef = 406AEA882C79B459002E9CEC /* GFAlertViewController.swift */; };
		406AEA8B2C79C6ED002E9CEC /* UIViewController.Ext.swift in Sources */ = {isa = PBXBuildFile; fileRef = 406AEA8A2C79C6ED002E9CEC /* UIViewController.Ext.swift */; };
		406AEA912C79D1AB002E9CEC /* Follower.swift in Sources */ = {isa = PBXBuildFile; fileRef = 406AEA902C79D1AA002E9CEC /* Follower.swift */; };
		406AEA932C79D2E2002E9CEC /* User.swift in Sources */ = {isa = PBXBuildFile; fileRef = 406AEA922C79D2E2002E9CEC /* User.swift */; };
		406AEA962C79D66C002E9CEC /* NetworkManager.swift in Sources */ = {isa = PBXBuildFile; fileRef = 406AEA952C79D66C002E9CEC /* NetworkManager.swift */; };
		406AEA992C79E27E002E9CEC /* ErrorMessage.swift in Sources */ = {isa = PBXBuildFile; fileRef = 406AEA982C79E27E002E9CEC /* ErrorMessage.swift */; };
		406AEA9C2C79EEF5002E9CEC /* FollowersCollectionViewCell.swift in Sources */ = {isa = PBXBuildFile; fileRef = 406AEA9B2C79EEF5002E9CEC /* FollowersCollectionViewCell.swift */; };
		406AEA9E2C79EF95002E9CEC /* GFImageView.swift in Sources */ = {isa = PBXBuildFile; fileRef = 406AEA9D2C79EF95002E9CEC /* GFImageView.swift */; };
		406AEAA82C7A7A01002E9CEC /* GFEmptyStateView.swift in Sources */ = {isa = PBXBuildFile; fileRef = 406AEAA72C7A7A01002E9CEC /* GFEmptyStateView.swift */; };
		406AEAE02C7CD4F1002E9CEC /* UIHelper.swift in Sources */ = {isa = PBXBuildFile; fileRef = 406AEADF2C7CD4F1002E9CEC /* UIHelper.swift */; };
/* End PBXBuildFile section */

/* Begin PBXFileReference section */
		406AEA632C7927D3002E9CEC /* GitFollowerUiKIt.app */ = {isa = PBXFileReference; explicitFileType = wrapper.application; includeInIndex = 0; path = GitFollowerUiKIt.app; sourceTree = BUILT_PRODUCTS_DIR; };
		406AEA7E2C792DB2002E9CEC /* GFButton.swift */ = {isa = PBXFileReference; lastKnownFileType = sourcecode.swift; path = GFButton.swift; sourceTree = "<group>"; };
		406AEA802C79899D002E9CEC /* GFTextField.swift */ = {isa = PBXFileReference; lastKnownFileType = sourcecode.swift; path = GFTextField.swift; sourceTree = "<group>"; };
		406AEA842C79B0FF002E9CEC /* GFTitleLabel.swift */ = {isa = PBXFileReference; lastKnownFileType = sourcecode.swift; path = GFTitleLabel.swift; sourceTree = "<group>"; };
		406AEA862C79B35C002E9CEC /* GFBodyLabel.swift */ = {isa = PBXFileReference; lastKnownFileType = sourcecode.swift; path = GFBodyLabel.swift; sourceTree = "<group>"; };
		406AEA882C79B459002E9CEC /* GFAlertViewController.swift */ = {isa = PBXFileReference; lastKnownFileType = sourcecode.swift; path = GFAlertViewController.swift; sourceTree = "<group>"; };
		406AEA8A2C79C6ED002E9CEC /* UIViewController.Ext.swift */ = {isa = PBXFileReference; lastKnownFileType = sourcecode.swift; path = UIViewController.Ext.swift; sourceTree = "<group>"; };
		406AEA902C79D1AA002E9CEC /* Follower.swift */ = {isa = PBXFileReference; lastKnownFileType = sourcecode.swift; path = Follower.swift; sourceTree = "<group>"; };
		406AEA922C79D2E2002E9CEC /* User.swift */ = {isa = PBXFileReference; lastKnownFileType = sourcecode.swift; path = User.swift; sourceTree = "<group>"; };
		406AEA952C79D66C002E9CEC /* NetworkManager.swift */ = {isa = PBXFileReference; lastKnownFileType = sourcecode.swift; path = NetworkManager.swift; sourceTree = "<group>"; };
		406AEA982C79E27E002E9CEC /* ErrorMessage.swift */ = {isa = PBXFileReference; lastKnownFileType = sourcecode.swift; path = ErrorMessage.swift; sourceTree = "<group>"; };
		406AEA9B2C79EEF5002E9CEC /* FollowersCollectionViewCell.swift */ = {isa = PBXFileReference; lastKnownFileType = sourcecode.swift; path = FollowersCollectionViewCell.swift; sourceTree = "<group>"; };
		406AEA9D2C79EF95002E9CEC /* GFImageView.swift */ = {isa = PBXFileReference; lastKnownFileType = sourcecode.swift; path = GFImageView.swift; sourceTree = "<group>"; };
		406AEAA72C7A7A01002E9CEC /* GFEmptyStateView.swift */ = {isa = PBXFileReference; lastKnownFileType = sourcecode.swift; path = GFEmptyStateView.swift; sourceTree = "<group>"; };
		406AEADF2C7CD4F1002E9CEC /* UIHelper.swift */ = {isa = PBXFileReference; lastKnownFileType = sourcecode.swift; path = UIHelper.swift; sourceTree = "<group>"; };
/* End PBXFileReference section */

/* Begin PBXFileSystemSynchronizedBuildFileExceptionSet section */
		40E482222CBD2935004BCB19 /* PBXFileSystemSynchronizedBuildFileExceptionSet */ = {
			isa = PBXFileSystemSynchronizedBuildFileExceptionSet;
			membershipExceptions = (
				Info.plist,
			);
			target = 406AEA622C7927D3002E9CEC /* GitFollowerUiKIt */;
		};
		40E482242CBD2A1B004BCB19 /* PBXFileSystemSynchronizedBuildFileExceptionSet */ = {
			isa = PBXFileSystemSynchronizedBuildFileExceptionSet;
			membershipExceptions = (
				/Localized/LaunchScreen.storyboard,
				/Localized/Main.storyboard,
			);
			target = 406AEA622C7927D3002E9CEC /* GitFollowerUiKIt */;
		};
/* End PBXFileSystemSynchronizedBuildFileExceptionSet section */

/* Begin PBXFileSystemSynchronizedGroupBuildPhaseMembershipExceptionSet section */
		40E482252CBD2A1B004BCB19 /* PBXFileSystemSynchronizedGroupBuildPhaseMembershipExceptionSet */ = {
			isa = PBXFileSystemSynchronizedGroupBuildPhaseMembershipExceptionSet;
			buildPhase = 406AEA612C7927D3002E9CEC /* Resources */;
			membershipExceptions = (
				Base.lproj/LaunchScreen.storyboard,
				Base.lproj/Main.storyboard,
			);
		};
/* End PBXFileSystemSynchronizedGroupBuildPhaseMembershipExceptionSet section */

/* Begin PBXFileSystemSynchronizedRootGroup section */
		4056DD652D11728B0088791A /* ViewControllers */ = {isa = PBXFileSystemSynchronizedRootGroup; explicitFileTypes = {}; explicitFolders = (); path = ViewControllers; sourceTree = "<group>"; };
		40E482202CBD20D3004BCB19 /* App */ = {isa = PBXFileSystemSynchronizedRootGroup; explicitFileTypes = {}; explicitFolders = (); path = App; sourceTree = "<group>"; };
		40E482212CBD2923004BCB19 /* Resources */ = {isa = PBXFileSystemSynchronizedRootGroup; exceptions = (40E482222CBD2935004BCB19 /* PBXFileSystemSynchronizedBuildFileExceptionSet */, ); explicitFileTypes = {}; explicitFolders = (); path = Resources; sourceTree = "<group>"; };
		40E482232CBD2A0A004BCB19 /* Storyboard */ = {isa = PBXFileSystemSynchronizedRootGroup; exceptions = (40E482242CBD2A1B004BCB19 /* PBXFileSystemSynchronizedBuildFileExceptionSet */, 40E482252CBD2A1B004BCB19 /* PBXFileSystemSynchronizedGroupBuildPhaseMembershipExceptionSet */, ); explicitFileTypes = {}; explicitFolders = (); path = Storyboard; sourceTree = "<group>"; };
		40E482262CBD2DF5004BCB19 /* Controllers */ = {isa = PBXFileSystemSynchronizedRootGroup; explicitFileTypes = {}; explicitFolders = (); path = Controllers; sourceTree = "<group>"; };
/* End PBXFileSystemSynchronizedRootGroup section */

/* Begin PBXFrameworksBuildPhase section */
		406AEA602C7927D3002E9CEC /* Frameworks */ = {
			isa = PBXFrameworksBuildPhase;
			buildActionMask = 2147483647;
			files = (
			);
			runOnlyForDeploymentPostprocessing = 0;
		};
/* End PBXFrameworksBuildPhase section */

/* Begin PBXGroup section */
		406AEA5A2C7927D3002E9CEC = {
			isa = PBXGroup;
			children = (
				406AEA652C7927D3002E9CEC /* GitFollowerUiKIt */,
				406AEA642C7927D3002E9CEC /* Products */,
			);
			sourceTree = "<group>";
		};
		406AEA642C7927D3002E9CEC /* Products */ = {
			isa = PBXGroup;
			children = (
				406AEA632C7927D3002E9CEC /* GitFollowerUiKIt.app */,
			);
			name = Products;
			sourceTree = "<group>";
		};
		406AEA652C7927D3002E9CEC /* GitFollowerUiKIt */ = {
			isa = PBXGroup;
			children = (
				40E482202CBD20D3004BCB19 /* App */,
				40E482262CBD2DF5004BCB19 /* Controllers */,
				406AEA8D2C79CC22002E9CEC /* CustomView */,
				406AEA8E2C79CDFB002E9CEC /* Extension */,
				406AEA942C79D640002E9CEC /* Managers */,
				406AEA8F2C79D188002E9CEC /* Model */,
				40E482212CBD2923004BCB19 /* Resources */,
				40E482232CBD2A0A004BCB19 /* Storyboard */,
				406AEA972C79E257002E9CEC /* Utilities */,
				4056DD652D11728B0088791A /* ViewControllers */,
			);
			path = GitFollowerUiKIt;
			sourceTree = "<group>";
		};
		406AEA8D2C79CC22002E9CEC /* CustomView */ = {
			isa = PBXGroup;
			children = (
				406AEAA62C7A79C7002E9CEC /* View */,
				406AEAA52C7A7965002E9CEC /* TextFields */,
				406AEAA42C7A7920002E9CEC /* AlertDialog */,
				406AEAA32C7A790D002E9CEC /* ImageViews */,
				406AEAA22C7A78FD002E9CEC /* Buttons */,
				406AEAA12C7A78F0002E9CEC /* Labels */,
				406AEA9A2C79EEC1002E9CEC /* Cells */,
			);
			path = CustomView;
			sourceTree = "<group>";
		};
		406AEA8E2C79CDFB002E9CEC /* Extension */ = {
			isa = PBXGroup;
			children = (
				406AEA8A2C79C6ED002E9CEC /* UIViewController.Ext.swift */,
			);
			path = Extension;
			sourceTree = "<group>";
		};
		406AEA8F2C79D188002E9CEC /* Model */ = {
			isa = PBXGroup;
			children = (
				406AEA902C79D1AA002E9CEC /* Follower.swift */,
				406AEA922C79D2E2002E9CEC /* User.swift */,
			);
			path = Model;
			sourceTree = "<group>";
		};
		406AEA942C79D640002E9CEC /* Managers */ = {
			isa = PBXGroup;
			children = (
				406AEA952C79D66C002E9CEC /* NetworkManager.swift */,
			);
			path = Managers;
			sourceTree = "<group>";
		};
		406AEA972C79E257002E9CEC /* Utilities */ = {
			isa = PBXGroup;
			children = (
				406AEA982C79E27E002E9CEC /* ErrorMessage.swift */,
				406AEADF2C7CD4F1002E9CEC /* UIHelper.swift */,
			);
			path = Utilities;
			sourceTree = "<group>";
		};
		406AEA9A2C79EEC1002E9CEC /* Cells */ = {
			isa = PBXGroup;
			children = (
				406AEA9B2C79EEF5002E9CEC /* FollowersCollectionViewCell.swift */,
			);
			path = Cells;
			sourceTree = "<group>";
		};
		406AEAA12C7A78F0002E9CEC /* Labels */ = {
			isa = PBXGroup;
			children = (
				406AEA862C79B35C002E9CEC /* GFBodyLabel.swift */,
				406AEA842C79B0FF002E9CEC /* GFTitleLabel.swift */,
			);
			path = Labels;
			sourceTree = "<group>";
		};
		406AEAA22C7A78FD002E9CEC /* Buttons */ = {
			isa = PBXGroup;
			children = (
				406AEA7E2C792DB2002E9CEC /* GFButton.swift */,
			);
			path = Buttons;
			sourceTree = "<group>";
		};
		406AEAA32C7A790D002E9CEC /* ImageViews */ = {
			isa = PBXGroup;
			children = (
				406AEA9D2C79EF95002E9CEC /* GFImageView.swift */,
			);
			path = ImageViews;
			sourceTree = "<group>";
		};
		406AEAA42C7A7920002E9CEC /* AlertDialog */ = {
			isa = PBXGroup;
			children = (
				406AEA882C79B459002E9CEC /* GFAlertViewController.swift */,
			);
			path = AlertDialog;
			sourceTree = "<group>";
		};
		406AEAA52C7A7965002E9CEC /* TextFields */ = {
			isa = PBXGroup;
			children = (
				406AEA802C79899D002E9CEC /* GFTextField.swift */,
			);
			path = TextFields;
			sourceTree = "<group>";
		};
		406AEAA62C7A79C7002E9CEC /* View */ = {
			isa = PBXGroup;
			children = (
				406AEAA72C7A7A01002E9CEC /* GFEmptyStateView.swift */,
			);
			path = View;
			sourceTree = "<group>";
		};
/* End PBXGroup section */

/* Begin PBXNativeTarget section */
		406AEA622C7927D3002E9CEC /* GitFollowerUiKIt */ = {
			isa = PBXNativeTarget;
			buildConfigurationList = 406AEA772C7927D5002E9CEC /* Build configuration list for PBXNativeTarget "GitFollowerUiKIt" */;
			buildPhases = (
				406AEA5F2C7927D3002E9CEC /* Sources */,
				406AEA602C7927D3002E9CEC /* Frameworks */,
				406AEA612C7927D3002E9CEC /* Resources */,
			);
			buildRules = (
			);
			dependencies = (
			);
			fileSystemSynchronizedGroups = (
				4056DD652D11728B0088791A /* ViewControllers */,
				40E482202CBD20D3004BCB19 /* App */,
				40E482212CBD2923004BCB19 /* Resources */,
				40E482232CBD2A0A004BCB19 /* Storyboard */,
				40E482262CBD2DF5004BCB19 /* Controllers */,
			);
			name = GitFollowerUiKIt;
			productName = GitFollowerUiKIt;
			productReference = 406AEA632C7927D3002E9CEC /* GitFollowerUiKIt.app */;
			productType = "com.apple.product-type.application";
		};
/* End PBXNativeTarget section */

/* Begin PBXProject section */
		406AEA5B2C7927D3002E9CEC /* Project object */ = {
			isa = PBXProject;
			attributes = {
				BuildIndependentTargetsInParallel = 1;
				LastSwiftUpdateCheck = 1540;
				LastUpgradeCheck = 1540;
				TargetAttributes = {
					406AEA622C7927D3002E9CEC = {
						CreatedOnToolsVersion = 15.4;
					};
				};
			};
			buildConfigurationList = 406AEA5E2C7927D3002E9CEC /* Build configuration list for PBXProject "GitFollowerUiKIt" */;
			developmentRegion = en;
			hasScannedForEncodings = 0;
			knownRegions = (
				en,
				Base,
			);
			mainGroup = 406AEA5A2C7927D3002E9CEC;
			preferredProjectObjectVersion = 56;
			productRefGroup = 406AEA642C7927D3002E9CEC /* Products */;
			projectDirPath = "";
			projectRoot = "";
			targets = (
				406AEA622C7927D3002E9CEC /* GitFollowerUiKIt */,
			);
		};
/* End PBXProject section */

/* Begin PBXResourcesBuildPhase section */
		406AEA612C7927D3002E9CEC /* Resources */ = {
			isa = PBXResourcesBuildPhase;
			buildActionMask = 2147483647;
			files = (
			);
			runOnlyForDeploymentPostprocessing = 0;
		};
/* End PBXResourcesBuildPhase section */

/* Begin PBXSourcesBuildPhase section */
		406AEA5F2C7927D3002E9CEC /* Sources */ = {
			isa = PBXSourcesBuildPhase;
			buildActionMask = 2147483647;
			files = (
				406AEA852C79B0FF002E9CEC /* GFTitleLabel.swift in Sources */,
				406AEAE02C7CD4F1002E9CEC /* UIHelper.swift in Sources */,
				406AEA7F2C792DB2002E9CEC /* GFButton.swift in Sources */,
				406AEAA82C7A7A01002E9CEC /* GFEmptyStateView.swift in Sources */,
				406AEA9E2C79EF95002E9CEC /* GFImageView.swift in Sources */,
				406AEA9C2C79EEF5002E9CEC /* FollowersCollectionViewCell.swift in Sources */,
				406AEA8B2C79C6ED002E9CEC /* UIViewController.Ext.swift in Sources */,
				406AEA932C79D2E2002E9CEC /* User.swift in Sources */,
				406AEA892C79B459002E9CEC /* GFAlertViewController.swift in Sources */,
				406AEA912C79D1AB002E9CEC /* Follower.swift in Sources */,
				406AEA992C79E27E002E9CEC /* ErrorMessage.swift in Sources */,
				406AEA962C79D66C002E9CEC /* NetworkManager.swift in Sources */,
				406AEA812C79899D002E9CEC /* GFTextField.swift in Sources */,
				406AEA872C79B35C002E9CEC /* GFBodyLabel.swift in Sources */,
			);
			runOnlyForDeploymentPostprocessing = 0;
		};
/* End PBXSourcesBuildPhase section */

/* Begin XCBuildConfiguration section */
		406AEA752C7927D5002E9CEC /* Debug */ = {
			isa = XCBuildConfiguration;
			buildSettings = {
				ALWAYS_SEARCH_USER_PATHS = NO;
				ASSETCATALOG_COMPILER_GENERATE_SWIFT_ASSET_SYMBOL_EXTENSIONS = YES;
				CLANG_ANALYZER_NONNULL = YES;
				CLANG_ANALYZER_NUMBER_OBJECT_CONVERSION = YES_AGGRESSIVE;
				CLANG_CXX_LANGUAGE_STANDARD = "gnu++20";
				CLANG_ENABLE_MODULES = YES;
				CLANG_ENABLE_OBJC_ARC = YES;
				CLANG_ENABLE_OBJC_WEAK = YES;
				CLANG_WARN_BLOCK_CAPTURE_AUTORELEASING = YES;
				CLANG_WARN_BOOL_CONVERSION = YES;
				CLANG_WARN_COMMA = YES;
				CLANG_WARN_CONSTANT_CONVERSION = YES;
				CLANG_WARN_DEPRECATED_OBJC_IMPLEMENTATIONS = YES;
				CLANG_WARN_DIRECT_OBJC_ISA_USAGE = YES_ERROR;
				CLANG_WARN_DOCUMENTATION_COMMENTS = YES;
				CLANG_WARN_EMPTY_BODY = YES;
				CLANG_WARN_ENUM_CONVERSION = YES;
				CLANG_WARN_INFINITE_RECURSION = YES;
				CLANG_WARN_INT_CONVERSION = YES;
				CLANG_WARN_NON_LITERAL_NULL_CONVERSION = YES;
				CLANG_WARN_OBJC_IMPLICIT_RETAIN_SELF = YES;
				CLANG_WARN_OBJC_LITERAL_CONVERSION = YES;
				CLANG_WARN_OBJC_ROOT_CLASS = YES_ERROR;
				CLANG_WARN_QUOTED_INCLUDE_IN_FRAMEWORK_HEADER = YES;
				CLANG_WARN_RANGE_LOOP_ANALYSIS = YES;
				CLANG_WARN_STRICT_PROTOTYPES = YES;
				CLANG_WARN_SUSPICIOUS_MOVE = YES;
				CLANG_WARN_UNGUARDED_AVAILABILITY = YES_AGGRESSIVE;
				CLANG_WARN_UNREACHABLE_CODE = YES;
				CLANG_WARN__DUPLICATE_METHOD_MATCH = YES;
				COPY_PHASE_STRIP = NO;
				DEBUG_INFORMATION_FORMAT = dwarf;
				ENABLE_STRICT_OBJC_MSGSEND = YES;
				ENABLE_TESTABILITY = YES;
				ENABLE_USER_SCRIPT_SANDBOXING = YES;
				GCC_C_LANGUAGE_STANDARD = gnu17;
				GCC_DYNAMIC_NO_PIC = NO;
				GCC_NO_COMMON_BLOCKS = YES;
				GCC_OPTIMIZATION_LEVEL = 0;
				GCC_PREPROCESSOR_DEFINITIONS = (
					"DEBUG=1",
					"$(inherited)",
				);
				GCC_WARN_64_TO_32_BIT_CONVERSION = YES;
				GCC_WARN_ABOUT_RETURN_TYPE = YES_ERROR;
				GCC_WARN_UNDECLARED_SELECTOR = YES;
				GCC_WARN_UNINITIALIZED_AUTOS = YES_AGGRESSIVE;
				GCC_WARN_UNUSED_FUNCTION = YES;
				GCC_WARN_UNUSED_VARIABLE = YES;
				IPHONEOS_DEPLOYMENT_TARGET = 17.5;
				LOCALIZATION_PREFERS_STRING_CATALOGS = YES;
				MTL_ENABLE_DEBUG_INFO = INCLUDE_SOURCE;
				MTL_FAST_MATH = YES;
				ONLY_ACTIVE_ARCH = YES;
				SDKROOT = iphoneos;
				SWIFT_ACTIVE_COMPILATION_CONDITIONS = "DEBUG $(inherited)";
				SWIFT_OPTIMIZATION_LEVEL = "-Onone";
			};
			name = Debug;
		};
		406AEA762C7927D5002E9CEC /* Release */ = {
			isa = XCBuildConfiguration;
			buildSettings = {
				ALWAYS_SEARCH_USER_PATHS = NO;
				ASSETCATALOG_COMPILER_GENERATE_SWIFT_ASSET_SYMBOL_EXTENSIONS = YES;
				CLANG_ANALYZER_NONNULL = YES;
				CLANG_ANALYZER_NUMBER_OBJECT_CONVERSION = YES_AGGRESSIVE;
				CLANG_CXX_LANGUAGE_STANDARD = "gnu++20";
				CLANG_ENABLE_MODULES = YES;
				CLANG_ENABLE_OBJC_ARC = YES;
				CLANG_ENABLE_OBJC_WEAK = YES;
				CLANG_WARN_BLOCK_CAPTURE_AUTORELEASING = YES;
				CLANG_WARN_BOOL_CONVERSION = YES;
				CLANG_WARN_COMMA = YES;
				CLANG_WARN_CONSTANT_CONVERSION = YES;
				CLANG_WARN_DEPRECATED_OBJC_IMPLEMENTATIONS = YES;
				CLANG_WARN_DIRECT_OBJC_ISA_USAGE = YES_ERROR;
				CLANG_WARN_DOCUMENTATION_COMMENTS = YES;
				CLANG_WARN_EMPTY_BODY = YES;
				CLANG_WARN_ENUM_CONVERSION = YES;
				CLANG_WARN_INFINITE_RECURSION = YES;
				CLANG_WARN_INT_CONVERSION = YES;
				CLANG_WARN_NON_LITERAL_NULL_CONVERSION = YES;
				CLANG_WARN_OBJC_IMPLICIT_RETAIN_SELF = YES;
				CLANG_WARN_OBJC_LITERAL_CONVERSION = YES;
				CLANG_WARN_OBJC_ROOT_CLASS = YES_ERROR;
				CLANG_WARN_QUOTED_INCLUDE_IN_FRAMEWORK_HEADER = YES;
				CLANG_WARN_RANGE_LOOP_ANALYSIS = YES;
				CLANG_WARN_STRICT_PROTOTYPES = YES;
				CLANG_WARN_SUSPICIOUS_MOVE = YES;
				CLANG_WARN_UNGUARDED_AVAILABILITY = YES_AGGRESSIVE;
				CLANG_WARN_UNREACHABLE_CODE = YES;
				CLANG_WARN__DUPLICATE_METHOD_MATCH = YES;
				COPY_PHASE_STRIP = NO;
				DEBUG_INFORMATION_FORMAT = "dwarf-with-dsym";
				ENABLE_NS_ASSERTIONS = NO;
				ENABLE_STRICT_OBJC_MSGSEND = YES;
				ENABLE_USER_SCRIPT_SANDBOXING = YES;
				GCC_C_LANGUAGE_STANDARD = gnu17;
				GCC_NO_COMMON_BLOCKS = YES;
				GCC_WARN_64_TO_32_BIT_CONVERSION = YES;
				GCC_WARN_ABOUT_RETURN_TYPE = YES_ERROR;
				GCC_WARN_UNDECLARED_SELECTOR = YES;
				GCC_WARN_UNINITIALIZED_AUTOS = YES_AGGRESSIVE;
				GCC_WARN_UNUSED_FUNCTION = YES;
				GCC_WARN_UNUSED_VARIABLE = YES;
				IPHONEOS_DEPLOYMENT_TARGET = 17.5;
				LOCALIZATION_PREFERS_STRING_CATALOGS = YES;
				MTL_ENABLE_DEBUG_INFO = NO;
				MTL_FAST_MATH = YES;
				SDKROOT = iphoneos;
				SWIFT_COMPILATION_MODE = wholemodule;
				VALIDATE_PRODUCT = YES;
			};
			name = Release;
		};
		406AEA782C7927D5002E9CEC /* Debug */ = {
			isa = XCBuildConfiguration;
			buildSettings = {
				ASSETCATALOG_COMPILER_APPICON_NAME = AppIcon;
				ASSETCATALOG_COMPILER_GLOBAL_ACCENT_COLOR_NAME = AccentColor;
				ASSETCATALOG_COMPILER_INCLUDE_ALL_APPICON_ASSETS = NO;
				CODE_SIGN_STYLE = Automatic;
				CURRENT_PROJECT_VERSION = 1;
				DEVELOPMENT_TEAM = 3KRRC33543;
				GENERATE_INFOPLIST_FILE = YES;
				INFOPLIST_FILE = GitFollowerUiKIt/Resources/Info.plist;
				INFOPLIST_KEY_UIApplicationSupportsIndirectInputEvents = YES;
				INFOPLIST_KEY_UILaunchStoryboardName = LaunchScreen;
				INFOPLIST_KEY_UIMainStoryboardFile = Main;
				INFOPLIST_KEY_UISupportedInterfaceOrientations = "UIInterfaceOrientationLandscapeLeft UIInterfaceOrientationLandscapeRight UIInterfaceOrientationPortrait";
				INFOPLIST_KEY_UISupportedInterfaceOrientations_iPad = "UIInterfaceOrientationPortrait UIInterfaceOrientationPortraitUpsideDown";
				IPHONEOS_DEPLOYMENT_TARGET = 15.0;
				LD_RUNPATH_SEARCH_PATHS = (
					"$(inherited)",
					"@executable_path/Frameworks",
				);
				MARKETING_VERSION = 1.0;
				PRODUCT_BUNDLE_IDENTIFIER = com.chachadev.GitFollowerUiKIt;
				PRODUCT_NAME = "$(TARGET_NAME)";
				SWIFT_EMIT_LOC_STRINGS = YES;
				SWIFT_VERSION = 5.0;
				TARGETED_DEVICE_FAMILY = "1,2";
			};
			name = Debug;
		};
		406AEA792C7927D5002E9CEC /* Release */ = {
			isa = XCBuildConfiguration;
			buildSettings = {
				ASSETCATALOG_COMPILER_APPICON_NAME = AppIcon;
				ASSETCATALOG_COMPILER_GLOBAL_ACCENT_COLOR_NAME = AccentColor;
				ASSETCATALOG_COMPILER_INCLUDE_ALL_APPICON_ASSETS = NO;
				CODE_SIGN_STYLE = Automatic;
				CURRENT_PROJECT_VERSION = 1;
				DEVELOPMENT_TEAM = 3KRRC33543;
				GENERATE_INFOPLIST_FILE = YES;
				INFOPLIST_FILE = GitFollowerUiKIt/Resources/Info.plist;
				INFOPLIST_KEY_UIApplicationSupportsIndirectInputEvents = YES;
				INFOPLIST_KEY_UILaunchStoryboardName = LaunchScreen;
				INFOPLIST_KEY_UIMainStoryboardFile = Main;
				INFOPLIST_KEY_UISupportedInterfaceOrientations = "UIInterfaceOrientationLandscapeLeft UIInterfaceOrientationLandscapeRight UIInterfaceOrientationPortrait";
				INFOPLIST_KEY_UISupportedInterfaceOrientations_iPad = "UIInterfaceOrientationPortrait UIInterfaceOrientationPortraitUpsideDown";
				IPHONEOS_DEPLOYMENT_TARGET = 15.0;
				LD_RUNPATH_SEARCH_PATHS = (
					"$(inherited)",
					"@executable_path/Frameworks",
				);
				MARKETING_VERSION = 1.0;
				PRODUCT_BUNDLE_IDENTIFIER = com.chachadev.GitFollowerUiKIt;
				PRODUCT_NAME = "$(TARGET_NAME)";
				SWIFT_EMIT_LOC_STRINGS = YES;
				SWIFT_VERSION = 5.0;
				TARGETED_DEVICE_FAMILY = "1,2";
			};
			name = Release;
		};
/* End XCBuildConfiguration section */

/* Begin XCConfigurationList section */
		406AEA5E2C7927D3002E9CEC /* Build configuration list for PBXProject "GitFollowerUiKIt" */ = {
			isa = XCConfigurationList;
			buildConfigurations = (
				406AEA752C7927D5002E9CEC /* Debug */,
				406AEA762C7927D5002E9CEC /* Release */,
			);
			defaultConfigurationIsVisible = 0;
			defaultConfigurationName = Release;
		};
		406AEA772C7927D5002E9CEC /* Build configuration list for PBXNativeTarget "GitFollowerUiKIt" */ = {
			isa = XCConfigurationList;
			buildConfigurations = (
				406AEA782C7927D5002E9CEC /* Debug */,
				406AEA792C7927D5002E9CEC /* Release */,
			);
			defaultConfigurationIsVisible = 0;
			defaultConfigurationName = Release;
		};
/* End XCConfigurationList section */
	};
	rootObject = 406AEA5B2C7927D3002E9CEC /* Project object */;
}
